hash: ea7f1488b5f139b1c9b3829080869db749497910c17c271763029fa1f9cd3e89
updated: 2017-11-16T11:32:40.120543-05:00
imports:
- name: cloud.google.com/go
  version: 47dd6de4dab43725c7e2a69e3846177ffcfc2a8b
  subpackages:
  - compute/metadata
  - iam
  - internal
  - internal/optional
  - internal/version
  - storage
- name: github.com/fsnotify/fsnotify
  version: 629574ca2a5df945712d3079857300b5e4da0236
- name: github.com/golang/protobuf
  version: 1e59b77b52bf8e4b449a57e6f79f21226d571845
  subpackages:
  - proto
  - protoc-gen-go/descriptor
  - ptypes
  - ptypes/any
  - ptypes/duration
  - ptypes/timestamp
- name: github.com/googleapis/gax-go
  version: 317e0006254c44a0ac427cc52a0e083ff0b9622f
- name: github.com/inconshreveable/mousetrap
  version: 76626ae9c91c4f2a10f34cad8ce83ea42c93bb75
- name: github.com/spf13/cobra
  version: 2da4a54c5ceefcee7ca5dd0eea1e18a3b6366489
- name: github.com/spf13/pflag
  version: 4c012f6dcd9546820e378d0bdda4d8fc772cdfea
- name: golang.org/x/net
  version: 9dfe39835686865bff950a07b394c12a98ddc811
  subpackages:
  - context
  - context/ctxhttp
  - http2
  - http2/hpack
  - idna
  - internal/timeseries
  - lex/httplex
  - trace
- name: golang.org/x/oauth2
  version: 9ff8ebcc8e241d46f52ecc5bff0e5a2f2dbef402
  subpackages:
  - google
  - internal
  - jws
  - jwt
- name: golang.org/x/sys
  version: bf42f188b9bc6f2cf5b8ee5a912ef1aedd0eba4c
  subpackages:
  - unix
- name: golang.org/x/text
  version: 88f656faf3f37f690df1a32515b479415e1a6769
  subpackages:
  - secure/bidirule
  - transform
  - unicode/bidi
  - unicode/norm
- name: google.golang.org/api
  version: a0c31fb0028e0111b942a29b9fc2e9235202c48b
  subpackages:
  - gensupport
  - googleapi
  - googleapi/internal/uritemplates
  - googleapi/transport
  - internal
  - iterator
  - option
  - storage/v1
  - transport/http
- name: google.golang.org/appengine
  version: 9d8544a6b2c7df9cff240fcf92d7b2f59bc13416
  subpackages:
  - internal
  - internal/app_identity
  - internal/base
  - internal/datastore
  - internal/log
  - internal/modules
  - internal/remote_api
  - internal/urlfetch
  - urlfetch
- name: google.golang.org/genproto
  version: 11c7f9e547da6db876260ce49ea7536985904c9b
  subpackages:
  - googleapis/api/annotations
  - googleapis/iam/v1
  - googleapis/rpc/status
- name: google.golang.org/grpc
  version: c1fc29613da668384b9a63e81b424d627f0b0a02
  subpackages:
  - balancer
  - balancer/roundrobin
  - codes
  - connectivity
  - credentials
  - encoding
  - grpclb/grpc_lb_v1/messages
  - grpclog
  - internal
  - keepalive
  - metadata
  - naming
  - peer
  - resolver
  - resolver/dns
  - resolver/passthrough
  - stats
  - status
  - tap
  - transport
- name: gopkg.in/yaml.v2
  version: 287cf08546ab5e7e37d55a84f7ed3fd1db036de5
testImports: []
