hash: c95c68d12898461764f1d5b6fd368fc90b930bca403f6791dc7477dba188010d
updated: 2017-08-15T09:40:26.785220642-04:00
imports:
- name: github.com/inconshreveable/mousetrap
  version: 76626ae9c91c4f2a10f34cad8ce83ea42c93bb75
- name: github.com/spf13/cobra
  version: cb731b898346822cc0c225c28550a8a29d93c732
- name: github.com/spf13/pflag
  version: e57e3eeb33f795204c1ca35f56c44f83227c6e66
testImports: []
